<?xml version="1.0" encoding="utf-8"?>
<Project ToolsVersion="4.0" xmlns="http://schemas.microsoft.com/developer/msbuild/2003">
  <ItemGroup>
    <Filter Include="Quelldateien">
      <UniqueIdentifier>{4FC737F1-C7A5-4376-A066-2A32D752A2FF}</UniqueIdentifier>
      <Extensions>cpp;c;cc;cxx;c++;cppm;ixx;def;odl;idl;hpj;bat;asm;asmx</Extensions>
    </Filter>
    <Filter Include="Headerdateien">
      <UniqueIdentifier>{93995380-89BD-4b04-88EB-625FBE52EBFB}</UniqueIdentifier>
      <Extensions>h;hh;hpp;hxx;h++;hm;inl;inc;ipp;xsd</Extensions>
    </Filter>
    <Filter Include="Ressourcendateien">
      <UniqueIdentifier>{67DA6AB6-F800-4c08-8B7A-83BB121AAD01}</UniqueIdentifier>
      <Extensions>rc;ico;cur;bmp;dlg;rc2;rct;bin;rgs;gif;jpg;jpeg;jpe;resx;tiff;tif;png;wav;mfcribbon-ms</Extensions>
    </Filter>
  </ItemGroup>
  <ItemGroup>
    <ClCompile Include="..\..\src\spicelib\devices\adms\bsimbulk\bsimbulk.analogfunction.c">
      <Filter>Quelldateien</Filter>
    </ClCompile>
    <ClCompile Include="..\..\src\spicelib\devices\adms\bsimbulk\bsimbulk.c">
      <Filter>Quelldateien</Filter>
    </ClCompile>
    <ClCompile Include="..\..\src\spicelib\devices\adms\bsimbulk\bsimbulkacld.c">
      <Filter>Quelldateien</Filter>
    </ClCompile>
    <ClCompile Include="..\..\src\spicelib\devices\adms\bsimbulk\bsimbulkask.c">
      <Filter>Quelldateien</Filter>
    </ClCompile>
    <ClCompile Include="..\..\src\spicelib\devices\adms\bsimbulk\bsimbulkdel.c">
      <Filter>Quelldateien</Filter>
    </ClCompile>
    <ClCompile Include="..\..\src\spicelib\devices\adms\bsimbulk\bsimbulkdest.c">
      <Filter>Quelldateien</Filter>
    </ClCompile>
    <ClCompile Include="..\..\src\spicelib\devices\adms\bsimbulk\bsimbulkguesstopology.c">
      <Filter>Quelldateien</Filter>
    </ClCompile>
    <ClCompile Include="..\..\src\spicelib\devices\adms\bsimbulk\bsimbulkinit.c">
      <Filter>Quelldateien</Filter>
    </ClCompile>
    <ClCompile Include="..\..\src\spicelib\devices\adms\bsimbulk\bsimbulkload.c">
      <Filter>Quelldateien</Filter>
    </ClCompile>
    <ClCompile Include="..\..\src\spicelib\devices\adms\bsimbulk\bsimbulkmask.c">
      <Filter>Quelldateien</Filter>
    </ClCompile>
    <ClCompile Include="..\..\src\spicelib\devices\adms\bsimbulk\bsimbulkmdel.c">
      <Filter>Quelldateien</Filter>
    </ClCompile>
    <ClCompile Include="..\..\src\spicelib\devices\adms\bsimbulk\bsimbulkmpar.c">
      <Filter>Quelldateien</Filter>
    </ClCompile>
    <ClCompile Include="..\..\src\spicelib\devices\adms\bsimbulk\bsimbulknoise.c">
      <Filter>Quelldateien</Filter>
    </ClCompile>
    <ClCompile Include="..\..\src\spicelib\devices\adms\bsimbulk\bsimbulkpar.c">
      <Filter>Quelldateien</Filter>
    </ClCompile>
    <ClCompile Include="..\..\src\spicelib\devices\adms\bsimbulk\bsimbulkpzld.c">
      <Filter>Quelldateien</Filter>
    </ClCompile>
    <ClCompile Include="..\..\src\spicelib\devices\adms\bsimbulk\bsimbulksetup.c">
      <Filter>Quelldateien</Filter>
    </ClCompile>
    <ClCompile Include="..\..\src\spicelib\devices\adms\bsimbulk\bsimbulktemp.c">
      <Filter>Quelldateien</Filter>
    </ClCompile>
    <ClCompile Include="..\..\src\spicelib\devices\adms\bsimbulk\bsimbulktrunc.c">
      <Filter>Quelldateien</Filter>
    </ClCompile>
    <ClCompile Include="..\..\src\spicelib\devices\adms\bsimcmg\bsimcmg.analogfunction.c">
      <Filter>Quelldateien</Filter>
    </ClCompile>
    <ClCompile Include="..\..\src\spicelib\devices\adms\bsimcmg\bsimcmg.c">
      <Filter>Quelldateien</Filter>
    </ClCompile>
    <ClCompile Include="..\..\src\spicelib\devices\adms\bsimcmg\bsimcmgacld.c">
      <Filter>Quelldateien</Filter>
    </ClCompile>
    <ClCompile Include="..\..\src\spicelib\devices\adms\bsimcmg\bsimcmgask.c">
      <Filter>Quelldateien</Filter>
    </ClCompile>
    <ClCompile Include="..\..\src\spicelib\devices\adms\bsimcmg\bsimcmgdel.c">
      <Filter>Quelldateien</Filter>
    </ClCompile>
    <ClCompile Include="..\..\src\spicelib\devices\adms\bsimcmg\bsimcmgdest.c">
      <Filter>Quelldateien</Filter>
    </ClCompile>
    <ClCompile Include="..\..\src\spicelib\devices\adms\bsimcmg\bsimcmgguesstopology.c">
      <Filter>Quelldateien</Filter>
    </ClCompile>
    <ClCompile Include="..\..\src\spicelib\devices\adms\bsimcmg\bsimcmginit.c">
      <Filter>Quelldateien</Filter>
    </ClCompile>
    <ClCompile Include="..\..\src\spicelib\devices\adms\bsimcmg\bsimcmgload.c">
      <Filter>Quelldateien</Filter>
    </ClCompile>
    <ClCompile Include="..\..\src\spicelib\devices\adms\bsimcmg\bsimcmgmask.c">
      <Filter>Quelldateien</Filter>
    </ClCompile>
    <ClCompile Include="..\..\src\spicelib\devices\adms\bsimcmg\bsimcmgmdel.c">
      <Filter>Quelldateien</Filter>
    </ClCompile>
    <ClCompile Include="..\..\src\spicelib\devices\adms\bsimcmg\bsimcmgmpar.c">
      <Filter>Quelldateien</Filter>
    </ClCompile>
    <ClCompile Include="..\..\src\spicelib\devices\adms\bsimcmg\bsimcmgnoise.c">
      <Filter>Quelldateien</Filter>
    </ClCompile>
    <ClCompile Include="..\..\src\spicelib\devices\adms\bsimcmg\bsimcmgpar.c">
      <Filter>Quelldateien</Filter>
    </ClCompile>
    <ClCompile Include="..\..\src\spicelib\devices\adms\bsimcmg\bsimcmgpzld.c">
      <Filter>Quelldateien</Filter>
    </ClCompile>
    <ClCompile Include="..\..\src\spicelib\devices\adms\bsimcmg\bsimcmgsetup.c">
      <Filter>Quelldateien</Filter>
    </ClCompile>
    <ClCompile Include="..\..\src\spicelib\devices\adms\bsimcmg\bsimcmgtemp.c">
      <Filter>Quelldateien</Filter>
    </ClCompile>
    <ClCompile Include="..\..\src\spicelib\devices\adms\bsimcmg\bsimcmgtrunc.c">
      <Filter>Quelldateien</Filter>
    </ClCompile>
    <ClCompile Include="..\..\src\spicelib\devices\adms\ekv\ekv.analogfunction.c">
      <Filter>Quelldateien</Filter>
    </ClCompile>
    <ClCompile Include="..\..\src\spicelib\devices\adms\ekv\ekv.c">
      <Filter>Quelldateien</Filter>
    </ClCompile>
    <ClCompile Include="..\..\src\spicelib\devices\adms\ekv\ekvacld.c">
      <Filter>Quelldateien</Filter>
    </ClCompile>
    <ClCompile Include="..\..\src\spicelib\devices\adms\ekv\ekvask.c">
      <Filter>Quelldateien</Filter>
    </ClCompile>
    <ClCompile Include="..\..\src\spicelib\devices\adms\ekv\ekvdel.c">
      <Filter>Quelldateien</Filter>
    </ClCompile>
    <ClCompile Include="..\..\src\spicelib\devices\adms\ekv\ekvdest.c">
      <Filter>Quelldateien</Filter>
    </ClCompile>
    <ClCompile Include="..\..\src\spicelib\devices\adms\ekv\ekvguesstopology.c">
      <Filter>Quelldateien</Filter>
    </ClCompile>
    <ClCompile Include="..\..\src\spicelib\devices\adms\ekv\ekvinit.c">
      <Filter>Quelldateien</Filter>
    </ClCompile>
    <ClCompile Include="..\..\src\spicelib\devices\adms\ekv\ekvload.c">
      <Filter>Quelldateien</Filter>
    </ClCompile>
    <ClCompile Include="..\..\src\spicelib\devices\adms\ekv\ekvmask.c">
      <Filter>Quelldateien</Filter>
    </ClCompile>
    <ClCompile Include="..\..\src\spicelib\devices\adms\ekv\ekvmdel.c">
      <Filter>Quelldateien</Filter>
    </ClCompile>
    <ClCompile Include="..\..\src\spicelib\devices\adms\ekv\ekvmpar.c">
      <Filter>Quelldateien</Filter>
    </ClCompile>
    <ClCompile Include="..\..\src\spicelib\devices\adms\ekv\ekvnoise.c">
      <Filter>Quelldateien</Filter>
    </ClCompile>
    <ClCompile Include="..\..\src\spicelib\devices\adms\ekv\ekvpar.c">
      <Filter>Quelldateien</Filter>
    </ClCompile>
    <ClCompile Include="..\..\src\spicelib\devices\adms\ekv\ekvpzld.c">
      <Filter>Quelldateien</Filter>
    </ClCompile>
    <ClCompile Include="..\..\src\spicelib\devices\adms\ekv\ekvsetup.c">
      <Filter>Quelldateien</Filter>
    </ClCompile>
    <ClCompile Include="..\..\src\spicelib\devices\adms\ekv\ekvtemp.c">
      <Filter>Quelldateien</Filter>
    </ClCompile>
    <ClCompile Include="..\..\src\spicelib\devices\adms\ekv\ekvtrunc.c">
      <Filter>Quelldateien</Filter>
    </ClCompile>
    <ClCompile Include="..\..\src\spicelib\devices\adms\hicum0\hicum0.analogfunction.c">
      <Filter>Quelldateien</Filter>
    </ClCompile>
    <ClCompile Include="..\..\src\spicelib\devices\adms\hicum0\hicum0.c">
      <Filter>Quelldateien</Filter>
    </ClCompile>
    <ClCompile Include="..\..\src\spicelib\devices\adms\hicum0\hicum0acld.c">
      <Filter>Quelldateien</Filter>
    </ClCompile>
    <ClCompile Include="..\..\src\spicelib\devices\adms\hicum0\hicum0ask.c">
      <Filter>Quelldateien</Filter>
    </ClCompile>
    <ClCompile Include="..\..\src\spicelib\devices\adms\hicum0\hicum0del.c">
      <Filter>Quelldateien</Filter>
    </ClCompile>
    <ClCompile Include="..\..\src\spicelib\devices\adms\hicum0\hicum0dest.c">
      <Filter>Quelldateien</Filter>
    </ClCompile>
    <ClCompile Include="..\..\src\spicelib\devices\adms\hicum0\hicum0guesstopology.c">
      <Filter>Quelldateien</Filter>
    </ClCompile>
    <ClCompile Include="..\..\src\spicelib\devices\adms\hicum0\hicum0init.c">
      <Filter>Quelldateien</Filter>
    </ClCompile>
    <ClCompile Include="..\..\src\spicelib\devices\adms\hicum0\hicum0load.c">
      <Filter>Quelldateien</Filter>
    </ClCompile>
    <ClCompile Include="..\..\src\spicelib\devices\adms\hicum0\hicum0mask.c">
      <Filter>Quelldateien</Filter>
    </ClCompile>
    <ClCompile Include="..\..\src\spicelib\devices\adms\hicum0\hicum0mdel.c">
      <Filter>Quelldateien</Filter>
    </ClCompile>
    <ClCompile Include="..\..\src\spicelib\devices\adms\hicum0\hicum0mpar.c">
      <Filter>Quelldateien</Filter>
    </ClCompile>
    <ClCompile Include="..\..\src\spicelib\devices\adms\hicum0\hicum0noise.c">
      <Filter>Quelldateien</Filter>
    </ClCompile>
    <ClCompile Include="..\..\src\spicelib\devices\adms\hicum0\hicum0par.c">
      <Filter>Quelldateien</Filter>
    </ClCompile>
    <ClCompile Include="..\..\src\spicelib\devices\adms\hicum0\hicum0pzld.c">
      <Filter>Quelldateien</Filter>
    </ClCompile>
    <ClCompile Include="..\..\src\spicelib\devices\adms\hicum0\hicum0setup.c">
      <Filter>Quelldateien</Filter>
    </ClCompile>
    <ClCompile Include="..\..\src\spicelib\devices\adms\hicum0\hicum0temp.c">
      <Filter>Quelldateien</Filter>
    </ClCompile>
    <ClCompile Include="..\..\src\spicelib\devices\adms\hicum0\hicum0trunc.c">
      <Filter>Quelldateien</Filter>
    </ClCompile>
    <ClCompile Include="..\..\src\spicelib\devices\adms\mextram\bjt504t.analogfunction.c">
      <Filter>Quelldateien</Filter>
    </ClCompile>
    <ClCompile Include="..\..\src\spicelib\devices\adms\mextram\bjt504t.c">
      <Filter>Quelldateien</Filter>
    </ClCompile>
    <ClCompile Include="..\..\src\spicelib\devices\adms\mextram\bjt504tacld.c">
      <Filter>Quelldateien</Filter>
    </ClCompile>
    <ClCompile Include="..\..\src\spicelib\devices\adms\mextram\bjt504task.c">
      <Filter>Quelldateien</Filter>
    </ClCompile>
    <ClCompile Include="..\..\src\spicelib\devices\adms\mextram\bjt504tdel.c">
      <Filter>Quelldateien</Filter>
    </ClCompile>
    <ClCompile Include="..\..\src\spicelib\devices\adms\mextram\bjt504tdest.c">
      <Filter>Quelldateien</Filter>
    </ClCompile>
    <ClCompile Include="..\..\src\spicelib\devices\adms\mextram\bjt504tguesstopology.c">
      <Filter>Quelldateien</Filter>
    </ClCompile>
    <ClCompile Include="..\..\src\spicelib\devices\adms\mextram\bjt504tinit.c">
      <Filter>Quelldateien</Filter>
    </ClCompile>
    <ClCompile Include="..\..\src\spicelib\devices\adms\mextram\bjt504tload.c">
      <Filter>Quelldateien</Filter>
    </ClCompile>
    <ClCompile Include="..\..\src\spicelib\devices\adms\mextram\bjt504tmask.c">
      <Filter>Quelldateien</Filter>
    </ClCompile>
    <ClCompile Include="..\..\src\spicelib\devices\adms\mextram\bjt504tmdel.c">
      <Filter>Quelldateien</Filter>
    </ClCompile>
    <ClCompile Include="..\..\src\spicelib\devices\adms\mextram\bjt504tmpar.c">
      <Filter>Quelldateien</Filter>
    </ClCompile>
    <ClCompile Include="..\..\src\spicelib\devices\adms\mextram\bjt504tnoise.c">
      <Filter>Quelldateien</Filter>
    </ClCompile>
    <ClCompile Include="..\..\src\spicelib\devices\adms\mextram\bjt504tpar.c">
      <Filter>Quelldateien</Filter>
    </ClCompile>
    <ClCompile Include="..\..\src\spicelib\devices\adms\mextram\bjt504tpzld.c">
      <Filter>Quelldateien</Filter>
    </ClCompile>
    <ClCompile Include="..\..\src\spicelib\devices\adms\mextram\bjt504tsetup.c">
      <Filter>Quelldateien</Filter>
    </ClCompile>
    <ClCompile Include="..\..\src\spicelib\devices\adms\mextram\bjt504ttemp.c">
      <Filter>Quelldateien</Filter>
    </ClCompile>
    <ClCompile Include="..\..\src\spicelib\devices\adms\mextram\bjt504ttrunc.c">
      <Filter>Quelldateien</Filter>
    </ClCompile>
    <ClCompile Include="..\..\src\spicelib\devices\adms\psp102\psp102.analogfunction.c">
      <Filter>Quelldateien</Filter>
    </ClCompile>
    <ClCompile Include="..\..\src\spicelib\devices\adms\psp102\psp102.c">
      <Filter>Quelldateien</Filter>
    </ClCompile>
    <ClCompile Include="..\..\src\spicelib\devices\adms\psp102\psp102acld.c">
      <Filter>Quelldateien</Filter>
    </ClCompile>
    <ClCompile Include="..\..\src\spicelib\devices\adms\psp102\psp102ask.c">
      <Filter>Quelldateien</Filter>
    </ClCompile>
    <ClCompile Include="..\..\src\spicelib\devices\adms\psp102\psp102del.c">
      <Filter>Quelldateien</Filter>
    </ClCompile>
    <ClCompile Include="..\..\src\spicelib\devices\adms\psp102\psp102dest.c">
      <Filter>Quelldateien</Filter>
    </ClCompile>
    <ClCompile Include="..\..\src\spicelib\devices\adms\psp102\psp102guesstopology.c">
      <Filter>Quelldateien</Filter>
    </ClCompile>
    <ClCompile Include="..\..\src\spicelib\devices\adms\psp102\psp102init.c">
      <Filter>Quelldateien</Filter>
    </ClCompile>
    <ClCompile Include="..\..\src\spicelib\devices\adms\psp102\psp102load.c">
      <Filter>Quelldateien</Filter>
    </ClCompile>
    <ClCompile Include="..\..\src\spicelib\devices\adms\psp102\psp102mask.c">
      <Filter>Quelldateien</Filter>
    </ClCompile>
    <ClCompile Include="..\..\src\spicelib\devices\adms\psp102\psp102mdel.c">
      <Filter>Quelldateien</Filter>
    </ClCompile>
    <ClCompile Include="..\..\src\spicelib\devices\adms\psp102\psp102mpar.c">
      <Filter>Quelldateien</Filter>
    </ClCompile>
    <ClCompile Include="..\..\src\spicelib\devices\adms\psp102\psp102noise.c">
      <Filter>Quelldateien</Filter>
    </ClCompile>
    <ClCompile Include="..\..\src\spicelib\devices\adms\psp102\psp102par.c">
      <Filter>Quelldateien</Filter>
    </ClCompile>
    <ClCompile Include="..\..\src\spicelib\devices\adms\psp102\psp102pzld.c">
      <Filter>Quelldateien</Filter>
    </ClCompile>
    <ClCompile Include="..\..\src\spicelib\devices\adms\psp102\psp102setup.c">
      <Filter>Quelldateien</Filter>
    </ClCompile>
    <ClCompile Include="..\..\src\spicelib\devices\adms\psp102\psp102temp.c">
      <Filter>Quelldateien</Filter>
    </ClCompile>
    <ClCompile Include="..\..\src\spicelib\devices\adms\psp102\psp102trunc.c">
      <Filter>Quelldateien</Filter>
    </ClCompile>
    <ClCompile Include="..\..\src\spicelib\devices\adms\psp103\psp103.analogfunction.c">
      <Filter>Quelldateien</Filter>
    </ClCompile>
    <ClCompile Include="..\..\src\spicelib\devices\adms\psp103\psp103.c">
      <Filter>Quelldateien</Filter>
    </ClCompile>
    <ClCompile Include="..\..\src\spicelib\devices\adms\psp103\psp103acld.c">
      <Filter>Quelldateien</Filter>
    </ClCompile>
    <ClCompile Include="..\..\src\spicelib\devices\adms\psp103\psp103ask.c">
      <Filter>Quelldateien</Filter>
    </ClCompile>
    <ClCompile Include="..\..\src\spicelib\devices\adms\psp103\psp103del.c">
      <Filter>Quelldateien</Filter>
    </ClCompile>
    <ClCompile Include="..\..\src\spicelib\devices\adms\psp103\psp103dest.c">
      <Filter>Quelldateien</Filter>
    </ClCompile>
    <ClCompile Include="..\..\src\spicelib\devices\adms\psp103\psp103guesstopology.c">
      <Filter>Quelldateien</Filter>
    </ClCompile>
    <ClCompile Include="..\..\src\spicelib\devices\adms\psp103\psp103init.c">
      <Filter>Quelldateien</Filter>
    </ClCompile>
    <ClCompile Include="..\..\src\spicelib\devices\adms\psp103\psp103load.c">
      <Filter>Quelldateien</Filter>
    </ClCompile>
    <ClCompile Include="..\..\src\spicelib\devices\adms\psp103\psp103mask.c">
      <Filter>Quelldateien</Filter>
    </ClCompile>
    <ClCompile Include="..\..\src\spicelib\devices\adms\psp103\psp103mdel.c">
      <Filter>Quelldateien</Filter>
    </ClCompile>
    <ClCompile Include="..\..\src\spicelib\devices\adms\psp103\psp103mpar.c">
      <Filter>Quelldateien</Filter>
    </ClCompile>
    <ClCompile Include="..\..\src\spicelib\devices\adms\psp103\psp103noise.c">
      <Filter>Quelldateien</Filter>
    </ClCompile>
    <ClCompile Include="..\..\src\spicelib\devices\adms\psp103\psp103par.c">
      <Filter>Quelldateien</Filter>
    </ClCompile>
    <ClCompile Include="..\..\src\spicelib\devices\adms\psp103\psp103pzld.c">
      <Filter>Quelldateien</Filter>
    </ClCompile>
    <ClCompile Include="..\..\src\spicelib\devices\adms\psp103\psp103setup.c">
      <Filter>Quelldateien</Filter>
    </ClCompile>
    <ClCompile Include="..\..\src\spicelib\devices\adms\psp103\psp103temp.c">
      <Filter>Quelldateien</Filter>
    </ClCompile>
    <ClCompile Include="..\..\src\spicelib\devices\adms\psp103\psp103trunc.c">
      <Filter>Quelldateien</Filter>
    </ClCompile>
  </ItemGroup>
  <ItemGroup>
    <ClInclude Include="..\..\src\spicelib\devices\adms\bsimbulk\bsimbulk.analogfunction.h">
      <Filter>Headerdateien</Filter>
    </ClInclude>
    <ClInclude Include="..\..\src\spicelib\devices\adms\bsimbulk\bsimbulk.hxx">
      <Filter>Headerdateien</Filter>
    </ClInclude>
    <ClInclude Include="..\..\src\spicelib\devices\adms\bsimbulk\bsimbulkdefs.h">
      <Filter>Headerdateien</Filter>
    </ClInclude>
    <ClInclude Include="..\..\src\spicelib\devices\adms\bsimbulk\bsimbulkext.h">
      <Filter>Headerdateien</Filter>
    </ClInclude>
    <ClInclude Include="..\..\src\spicelib\devices\adms\bsimbulk\bsimbulkinit.h">
      <Filter>Headerdateien</Filter>
    </ClInclude>
    <ClInclude Include="..\..\src\spicelib\devices\adms\bsimbulk\bsimbulkitf.h">
      <Filter>Headerdateien</Filter>
    </ClInclude>
    <ClInclude Include="..\..\src\spicelib\devices\adms\bsimcmg\bsimcmg.analogfunction.h">
      <Filter>Headerdateien</Filter>
    </ClInclude>
    <ClInclude Include="..\..\src\spicelib\devices\adms\bsimcmg\bsimcmg.hxx">
      <Filter>Headerdateien</Filter>
    </ClInclude>
    <ClInclude Include="..\..\src\spicelib\devices\adms\bsimcmg\bsimcmgdefs.h">
      <Filter>Headerdateien</Filter>
    </ClInclude>
    <ClInclude Include="..\..\src\spicelib\devices\adms\bsimcmg\bsimcmgext.h">
      <Filter>Headerdateien</Filter>
    </ClInclude>
    <ClInclude Include="..\..\src\spicelib\devices\adms\bsimcmg\bsimcmginit.h">
      <Filter>Headerdateien</Filter>
    </ClInclude>
    <ClInclude Include="..\..\src\spicelib\devices\adms\bsimcmg\bsimcmgitf.h">
      <Filter>Headerdateien</Filter>
    </ClInclude>
    <ClInclude Include="..\..\src\spicelib\devices\adms\ekv\constants.h">
      <Filter>Headerdateien</Filter>
    </ClInclude>
    <ClInclude Include="..\..\src\spicelib\devices\adms\ekv\discipline.h">
      <Filter>Headerdateien</Filter>
    </ClInclude>
    <ClInclude Include="..\..\src\spicelib\devices\adms\ekv\ekv.analogfunction.h">
      <Filter>Headerdateien</Filter>
    </ClInclude>
    <ClInclude Include="..\..\src\spicelib\devices\adms\ekv\ekv.hxx">
      <Filter>Headerdateien</Filter>
    </ClInclude>
    <ClInclude Include="..\..\src\spicelib\devices\adms\ekv\ekvdefs.h">
      <Filter>Headerdateien</Filter>
    </ClInclude>
    <ClInclude Include="..\..\src\spicelib\devices\adms\ekv\ekvext.h">
      <Filter>Headerdateien</Filter>
    </ClInclude>
    <ClInclude Include="..\..\src\spicelib\devices\adms\ekv\ekvinit.h">
      <Filter>Headerdateien</Filter>
    </ClInclude>
    <ClInclude Include="..\..\src\spicelib\devices\adms\ekv\ekvitf.h">
      <Filter>Headerdateien</Filter>
    </ClInclude>
    <ClInclude Include="..\..\src\spicelib\devices\adms\hicum0\constants.h">
      <Filter>Headerdateien</Filter>
    </ClInclude>
    <ClInclude Include="..\..\src\spicelib\devices\adms\hicum0\discipline.h">
      <Filter>Headerdateien</Filter>
    </ClInclude>
    <ClInclude Include="..\..\src\spicelib\devices\adms\hicum0\hicum0.analogfunction.h">
      <Filter>Headerdateien</Filter>
    </ClInclude>
    <ClInclude Include="..\..\src\spicelib\devices\adms\hicum0\hicum0.hxx">
      <Filter>Headerdateien</Filter>
    </ClInclude>
    <ClInclude Include="..\..\src\spicelib\devices\adms\hicum0\hicum0defs.h">
      <Filter>Headerdateien</Filter>
    </ClInclude>
    <ClInclude Include="..\..\src\spicelib\devices\adms\hicum0\hicum0ext.h">
      <Filter>Headerdateien</Filter>
    </ClInclude>
    <ClInclude Include="..\..\src\spicelib\devices\adms\hicum0\hicum0init.h">
      <Filter>Headerdateien</Filter>
    </ClInclude>
    <ClInclude Include="..\..\src\spicelib\devices\adms\hicum0\hicum0itf.h">
      <Filter>Headerdateien</Filter>
    </ClInclude>
    <ClInclude Include="..\..\src\spicelib\devices\adms\mextram\bjt504t.analogfunction.h">
      <Filter>Headerdateien</Filter>
    </ClInclude>
    <ClInclude Include="..\..\src\spicelib\devices\adms\mextram\bjt504t.hxx">
      <Filter>Headerdateien</Filter>
    </ClInclude>
    <ClInclude Include="..\..\src\spicelib\devices\adms\mextram\bjt504tdefs.h">
      <Filter>Headerdateien</Filter>
    </ClInclude>
    <ClInclude Include="..\..\src\spicelib\devices\adms\mextram\bjt504text.h">
      <Filter>Headerdateien</Filter>
    </ClInclude>
    <ClInclude Include="..\..\src\spicelib\devices\adms\mextram\bjt504tinit.h">
      <Filter>Headerdateien</Filter>
    </ClInclude>
    <ClInclude Include="..\..\src\spicelib\devices\adms\mextram\bjt504titf.h">
      <Filter>Headerdateien</Filter>
    </ClInclude>
    <ClInclude Include="..\..\src\spicelib\devices\adms\mextram\discipline.h">
      <Filter>Headerdateien</Filter>
    </ClInclude>
    <ClInclude Include="..\..\src\spicelib\devices\adms\psp102\discipline.h">
      <Filter>Headerdateien</Filter>
    </ClInclude>
    <ClInclude Include="..\..\src\spicelib\devices\adms\psp102\psp102.analogfunction.h">
      <Filter>Headerdateien</Filter>
    </ClInclude>
    <ClInclude Include="..\..\src\spicelib\devices\adms\psp102\psp102.hxx">
      <Filter>Headerdateien</Filter>
    </ClInclude>
    <ClInclude Include="..\..\src\spicelib\devices\adms\psp102\psp102defs.h">
      <Filter>Headerdateien</Filter>
    </ClInclude>
    <ClInclude Include="..\..\src\spicelib\devices\adms\psp102\psp102ext.h">
      <Filter>Headerdateien</Filter>
    </ClInclude>
    <ClInclude Include="..\..\src\spicelib\devices\adms\psp102\psp102init.h">
      <Filter>Headerdateien</Filter>
    </ClInclude>
    <ClInclude Include="..\..\src\spicelib\devices\adms\psp102\psp102itf.h">
      <Filter>Headerdateien</Filter>
    </ClInclude>
    <ClInclude Include="..\..\src\spicelib\devices\adms\psp103\discipline.h">
      <Filter>Headerdateien</Filter>
    </ClInclude>
    <ClInclude Include="..\..\src\spicelib\devices\adms\psp103\psp103.analogfunction.h">
      <Filter>Headerdateien</Filter>
    </ClInclude>
    <ClInclude Include="..\..\src\spicelib\devices\adms\psp103\psp103.hxx">
      <Filter>Headerdateien</Filter>
    </ClInclude>
    <ClInclude Include="..\..\src\spicelib\devices\adms\psp103\psp103defs.h">
      <Filter>Headerdateien</Filter>
    </ClInclude>
    <ClInclude Include="..\..\src\spicelib\devices\adms\psp103\psp103ext.h">
      <Filter>Headerdateien</Filter>
    </ClInclude>
    <ClInclude Include="..\..\src\spicelib\devices\adms\psp103\psp103init.h">
      <Filter>Headerdateien</Filter>
    </ClInclude>
    <ClInclude Include="..\..\src\spicelib\devices\adms\psp103\psp103itf.h">
      <Filter>Headerdateien</Filter>
    </ClInclude>
  </ItemGroup>
</Project>