
Microsoft Visual Studio Solution File, Format Version 12.00
# Visual Studio 14
VisualStudioVersion = 14.0.25029.0
MinimumVisualStudioVersion = 10.0.40219.1
Project("{8BC9CEB8-8B4A-11D0-8D11-00A0C91BC942}") = "vngspice", "vngspice.vcxproj", "{83E315C7-EDD3-4F6B-AF28-87A92A4FA49A}"
	ProjectSection(ProjectDependencies) = postProject
		{D701EA0E-B8B0-41D6-A90E-A0D8233F15FB} = {D701EA0E-B8B0-41D6-A90E-A0D8233F15FB}
		{4BB60215-9A09-4192-9DB6-1A0CA823AFCA} = {4BB60215-9A09-4192-9DB6-1A0CA823AFCA}
		{13500662-AF0B-4AB6-9AF9-BC3E07B5C1C6} = {13500662-AF0B-4AB6-9AF9-BC3E07B5C1C6}
		{7C865696-FA10-43AE-A20B-22AE72A165E2} = {7C865696-FA10-43AE-A20B-22AE72A165E2}
		{8271FEA2-8AC0-4B6D-BAEA-A503D37B5DB2} = {8271FEA2-8AC0-4B6D-BAEA-A503D37B5DB2}
		{B8DD41C5-70C6-4183-9018-C4B518E8D36A} = {B8DD41C5-70C6-4183-9018-C4B518E8D36A}
		{9ABEC5F2-F6C6-41DE-88AB-02460A07F46E} = {9ABEC5F2-F6C6-41DE-88AB-02460A07F46E}
	EndProjectSection
EndProject
Project("{8BC9CEB8-8B4A-11D0-8D11-00A0C91BC942}") = "cmpp", "xspice\cmpp\cmpp.vcxproj", "{7C865696-FA10-43AE-A20B-22AE72A165E2}"
EndProject
Project("{8BC9CEB8-8B4A-11D0-8D11-00A0C91BC942}") = "analog", "xspice\analog.vcxproj", "{8271FEA2-8AC0-4B6D-BAEA-A503D37B5DB2}"
	ProjectSection(ProjectDependencies) = postProject
		{7C865696-FA10-43AE-A20B-22AE72A165E2} = {7C865696-FA10-43AE-A20B-22AE72A165E2}
	EndProjectSection
EndProject
Project("{8BC9CEB8-8B4A-11D0-8D11-00A0C91BC942}") = "digital", "xspice\digital.vcxproj", "{9ABEC5F2-F6C6-41DE-88AB-02460A07F46E}"
	ProjectSection(ProjectDependencies) = postProject
		{7C865696-FA10-43AE-A20B-22AE72A165E2} = {7C865696-FA10-43AE-A20B-22AE72A165E2}
	EndProjectSection
EndProject
Project("{8BC9CEB8-8B4A-11D0-8D11-00A0C91BC942}") = "spice2poly", "xspice\spice2poly.vcxproj", "{D701EA0E-B8B0-41D6-A90E-A0D8233F15FB}"
	ProjectSection(ProjectDependencies) = postProject
		{7C865696-FA10-43AE-A20B-22AE72A165E2} = {7C865696-FA10-43AE-A20B-22AE72A165E2}
	EndProjectSection
EndProject
Project("{8BC9CEB8-8B4A-11D0-8D11-00A0C91BC942}") = "table", "xspice\table.vcxproj", "{7A6473F5-AFED-4910-88D2-6204DA829832}"
	ProjectSection(ProjectDependencies) = postProject
		{7C865696-FA10-43AE-A20B-22AE72A165E2} = {7C865696-FA10-43AE-A20B-22AE72A165E2}
	EndProjectSection
EndProject
Project("{8BC9CEB8-8B4A-11D0-8D11-00A0C91BC942}") = "xtradev", "xspice\xtradev.vcxproj", "{4BB60215-9A09-4192-9DB6-1A0CA823AFCA}"
	ProjectSection(ProjectDependencies) = postProject
		{7C865696-FA10-43AE-A20B-22AE72A165E2} = {7C865696-FA10-43AE-A20B-22AE72A165E2}
	EndProjectSection
EndProject
Project("{8BC9CEB8-8B4A-11D0-8D11-00A0C91BC942}") = "xtraevt", "xspice\xtraevt.vcxproj", "{13500662-AF0B-4AB6-9AF9-BC3E07B5C1C6}"
	ProjectSection(ProjectDependencies) = postProject
		{7C865696-FA10-43AE-A20B-22AE72A165E2} = {7C865696-FA10-43AE-A20B-22AE72A165E2}
	EndProjectSection
EndProject
Project("{8BC9CEB8-8B4A-11D0-8D11-00A0C91BC942}") = "KLU_COMPLEX", "KLU\KLU_COMPLEX.vcxproj", "{B8DD41C5-70C6-4183-9018-C4B518E8D36A}"
EndProject
Global
	GlobalSection(SolutionConfigurationPlatforms) = preSolution
		console_debug|x64 = console_debug|x64
		console_debug|x86 = console_debug|x86
		console_release_omp|x64 = console_release_omp|x64
		console_release_omp|x86 = console_release_omp|x86
		console_release|x64 = console_release|x64
		console_release|x86 = console_release|x86
		Debug|x64 = Debug|x64
		Debug|x86 = Debug|x86
		Release|x64 = Release|x64
		Release|x86 = Release|x86
		ReleaseOMP|x64 = ReleaseOMP|x64
		ReleaseOMP|x86 = ReleaseOMP|x86
	EndGlobalSection
	GlobalSection(ProjectConfigurationPlatforms) = postSolution
		{83E315C7-EDD3-4F6B-AF28-87A92A4FA49A}.console_debug|x64.ActiveCfg = console_debug|x64
		{83E315C7-EDD3-4F6B-AF28-87A92A4FA49A}.console_debug|x64.Build.0 = console_debug|x64
		{83E315C7-EDD3-4F6B-AF28-87A92A4FA49A}.console_debug|x86.ActiveCfg = console_debug|Win32
		{83E315C7-EDD3-4F6B-AF28-87A92A4FA49A}.console_debug|x86.Build.0 = console_debug|Win32
		{83E315C7-EDD3-4F6B-AF28-87A92A4FA49A}.console_release_omp|x64.ActiveCfg = console_release_omp|x64
		{83E315C7-EDD3-4F6B-AF28-87A92A4FA49A}.console_release_omp|x64.Build.0 = console_release_omp|x64
		{83E315C7-EDD3-4F6B-AF28-87A92A4FA49A}.console_release_omp|x86.ActiveCfg = console_release_omp|Win32
		{83E315C7-EDD3-4F6B-AF28-87A92A4FA49A}.console_release_omp|x86.Build.0 = console_release_omp|Win32
		{83E315C7-EDD3-4F6B-AF28-87A92A4FA49A}.console_release|x64.ActiveCfg = console_release|x64
		{83E315C7-EDD3-4F6B-AF28-87A92A4FA49A}.console_release|x64.Build.0 = console_release|x64
		{83E315C7-EDD3-4F6B-AF28-87A92A4FA49A}.console_release|x86.ActiveCfg = console_release|Win32
		{83E315C7-EDD3-4F6B-AF28-87A92A4FA49A}.console_release|x86.Build.0 = console_release|Win32
		{83E315C7-EDD3-4F6B-AF28-87A92A4FA49A}.Debug|x64.ActiveCfg = Debug|x64
		{83E315C7-EDD3-4F6B-AF28-87A92A4FA49A}.Debug|x64.Build.0 = Debug|x64
		{83E315C7-EDD3-4F6B-AF28-87A92A4FA49A}.Debug|x86.ActiveCfg = Debug|Win32
		{83E315C7-EDD3-4F6B-AF28-87A92A4FA49A}.Debug|x86.Build.0 = Debug|Win32
		{83E315C7-EDD3-4F6B-AF28-87A92A4FA49A}.Release|x64.ActiveCfg = Release|x64
		{83E315C7-EDD3-4F6B-AF28-87A92A4FA49A}.Release|x64.Build.0 = Release|x64
		{83E315C7-EDD3-4F6B-AF28-87A92A4FA49A}.Release|x86.ActiveCfg = Release|Win32
		{83E315C7-EDD3-4F6B-AF28-87A92A4FA49A}.Release|x86.Build.0 = Release|Win32
		{83E315C7-EDD3-4F6B-AF28-87A92A4FA49A}.ReleaseOMP|x64.ActiveCfg = ReleaseOMP|x64
		{83E315C7-EDD3-4F6B-AF28-87A92A4FA49A}.ReleaseOMP|x64.Build.0 = ReleaseOMP|x64
		{83E315C7-EDD3-4F6B-AF28-87A92A4FA49A}.ReleaseOMP|x86.ActiveCfg = ReleaseOMP|Win32
		{83E315C7-EDD3-4F6B-AF28-87A92A4FA49A}.ReleaseOMP|x86.Build.0 = ReleaseOMP|Win32
		{7C865696-FA10-43AE-A20B-22AE72A165E2}.console_debug|x64.ActiveCfg = Debug|Win32
		{7C865696-FA10-43AE-A20B-22AE72A165E2}.console_debug|x64.Build.0 = Debug|Win32
		{7C865696-FA10-43AE-A20B-22AE72A165E2}.console_debug|x86.ActiveCfg = Debug|Win32
		{7C865696-FA10-43AE-A20B-22AE72A165E2}.console_debug|x86.Build.0 = Debug|Win32
		{7C865696-FA10-43AE-A20B-22AE72A165E2}.console_release_omp|x64.ActiveCfg = Release|Win32
		{7C865696-FA10-43AE-A20B-22AE72A165E2}.console_release_omp|x64.Build.0 = Release|Win32
		{7C865696-FA10-43AE-A20B-22AE72A165E2}.console_release_omp|x86.ActiveCfg = Release|Win32
		{7C865696-FA10-43AE-A20B-22AE72A165E2}.console_release_omp|x86.Build.0 = Release|Win32
		{7C865696-FA10-43AE-A20B-22AE72A165E2}.console_release|x64.ActiveCfg = Release|Win32
		{7C865696-FA10-43AE-A20B-22AE72A165E2}.console_release|x64.Build.0 = Release|Win32
		{7C865696-FA10-43AE-A20B-22AE72A165E2}.console_release|x86.ActiveCfg = Release|Win32
		{7C865696-FA10-43AE-A20B-22AE72A165E2}.console_release|x86.Build.0 = Release|Win32
		{7C865696-FA10-43AE-A20B-22AE72A165E2}.Debug|x64.ActiveCfg = Debug|Win32
		{7C865696-FA10-43AE-A20B-22AE72A165E2}.Debug|x64.Build.0 = Debug|Win32
		{7C865696-FA10-43AE-A20B-22AE72A165E2}.Debug|x86.ActiveCfg = Debug|Win32
		{7C865696-FA10-43AE-A20B-22AE72A165E2}.Debug|x86.Build.0 = Debug|Win32
		{7C865696-FA10-43AE-A20B-22AE72A165E2}.Release|x64.ActiveCfg = Release|Win32
		{7C865696-FA10-43AE-A20B-22AE72A165E2}.Release|x64.Build.0 = Release|Win32
		{7C865696-FA10-43AE-A20B-22AE72A165E2}.Release|x86.ActiveCfg = Release|Win32
		{7C865696-FA10-43AE-A20B-22AE72A165E2}.Release|x86.Build.0 = Release|Win32
		{7C865696-FA10-43AE-A20B-22AE72A165E2}.ReleaseOMP|x64.ActiveCfg = Release|Win32
		{7C865696-FA10-43AE-A20B-22AE72A165E2}.ReleaseOMP|x64.Build.0 = Release|Win32
		{7C865696-FA10-43AE-A20B-22AE72A165E2}.ReleaseOMP|x86.ActiveCfg = Release|Win32
		{7C865696-FA10-43AE-A20B-22AE72A165E2}.ReleaseOMP|x86.Build.0 = Release|Win32
		{8271FEA2-8AC0-4B6D-BAEA-A503D37B5DB2}.console_debug|x64.ActiveCfg = Debug|x64
		{8271FEA2-8AC0-4B6D-BAEA-A503D37B5DB2}.console_debug|x64.Build.0 = Debug|x64
		{8271FEA2-8AC0-4B6D-BAEA-A503D37B5DB2}.console_debug|x86.ActiveCfg = Debug|Win32
		{8271FEA2-8AC0-4B6D-BAEA-A503D37B5DB2}.console_debug|x86.Build.0 = Debug|Win32
		{8271FEA2-8AC0-4B6D-BAEA-A503D37B5DB2}.console_release_omp|x64.ActiveCfg = Release|x64
		{8271FEA2-8AC0-4B6D-BAEA-A503D37B5DB2}.console_release_omp|x64.Build.0 = Release|x64
		{8271FEA2-8AC0-4B6D-BAEA-A503D37B5DB2}.console_release_omp|x86.ActiveCfg = Release|Win32
		{8271FEA2-8AC0-4B6D-BAEA-A503D37B5DB2}.console_release_omp|x86.Build.0 = Release|Win32
		{8271FEA2-8AC0-4B6D-BAEA-A503D37B5DB2}.console_release|x64.ActiveCfg = Release|x64
		{8271FEA2-8AC0-4B6D-BAEA-A503D37B5DB2}.console_release|x64.Build.0 = Release|x64
		{8271FEA2-8AC0-4B6D-BAEA-A503D37B5DB2}.console_release|x86.ActiveCfg = Release|Win32
		{8271FEA2-8AC0-4B6D-BAEA-A503D37B5DB2}.console_release|x86.Build.0 = Release|Win32
		{8271FEA2-8AC0-4B6D-BAEA-A503D37B5DB2}.Debug|x64.ActiveCfg = Debug|x64
		{8271FEA2-8AC0-4B6D-BAEA-A503D37B5DB2}.Debug|x64.Build.0 = Debug|x64
		{8271FEA2-8AC0-4B6D-BAEA-A503D37B5DB2}.Debug|x86.ActiveCfg = Debug|Win32
		{8271FEA2-8AC0-4B6D-BAEA-A503D37B5DB2}.Debug|x86.Build.0 = Debug|Win32
		{8271FEA2-8AC0-4B6D-BAEA-A503D37B5DB2}.Release|x64.ActiveCfg = Release|x64
		{8271FEA2-8AC0-4B6D-BAEA-A503D37B5DB2}.Release|x64.Build.0 = Release|x64
		{8271FEA2-8AC0-4B6D-BAEA-A503D37B5DB2}.Release|x86.ActiveCfg = Release|Win32
		{8271FEA2-8AC0-4B6D-BAEA-A503D37B5DB2}.Release|x86.Build.0 = Release|Win32
		{8271FEA2-8AC0-4B6D-BAEA-A503D37B5DB2}.ReleaseOMP|x64.ActiveCfg = Release|x64
		{8271FEA2-8AC0-4B6D-BAEA-A503D37B5DB2}.ReleaseOMP|x64.Build.0 = Release|x64
		{8271FEA2-8AC0-4B6D-BAEA-A503D37B5DB2}.ReleaseOMP|x86.ActiveCfg = Release|Win32
		{8271FEA2-8AC0-4B6D-BAEA-A503D37B5DB2}.ReleaseOMP|x86.Build.0 = Release|Win32
		{9ABEC5F2-F6C6-41DE-88AB-02460A07F46E}.console_debug|x64.ActiveCfg = Debug|x64
		{9ABEC5F2-F6C6-41DE-88AB-02460A07F46E}.console_debug|x64.Build.0 = Debug|x64
		{9ABEC5F2-F6C6-41DE-88AB-02460A07F46E}.console_debug|x86.ActiveCfg = Debug|Win32
		{9ABEC5F2-F6C6-41DE-88AB-02460A07F46E}.console_debug|x86.Build.0 = Debug|Win32
		{9ABEC5F2-F6C6-41DE-88AB-02460A07F46E}.console_release_omp|x64.ActiveCfg = Release|x64
		{9ABEC5F2-F6C6-41DE-88AB-02460A07F46E}.console_release_omp|x64.Build.0 = Release|x64
		{9ABEC5F2-F6C6-41DE-88AB-02460A07F46E}.console_release_omp|x86.ActiveCfg = Release|Win32
		{9ABEC5F2-F6C6-41DE-88AB-02460A07F46E}.console_release_omp|x86.Build.0 = Release|Win32
		{9ABEC5F2-F6C6-41DE-88AB-02460A07F46E}.console_release|x64.ActiveCfg = Release|x64
		{9ABEC5F2-F6C6-41DE-88AB-02460A07F46E}.console_release|x64.Build.0 = Release|x64
		{9ABEC5F2-F6C6-41DE-88AB-02460A07F46E}.console_release|x86.ActiveCfg = Release|Win32
		{9ABEC5F2-F6C6-41DE-88AB-02460A07F46E}.console_release|x86.Build.0 = Release|Win32
		{9ABEC5F2-F6C6-41DE-88AB-02460A07F46E}.Debug|x64.ActiveCfg = Debug|x64
		{9ABEC5F2-F6C6-41DE-88AB-02460A07F46E}.Debug|x64.Build.0 = Debug|x64
		{9ABEC5F2-F6C6-41DE-88AB-02460A07F46E}.Debug|x86.ActiveCfg = Debug|Win32
		{9ABEC5F2-F6C6-41DE-88AB-02460A07F46E}.Debug|x86.Build.0 = Debug|Win32
		{9ABEC5F2-F6C6-41DE-88AB-02460A07F46E}.Release|x64.ActiveCfg = Release|x64
		{9ABEC5F2-F6C6-41DE-88AB-02460A07F46E}.Release|x64.Build.0 = Release|x64
		{9ABEC5F2-F6C6-41DE-88AB-02460A07F46E}.Release|x86.ActiveCfg = Release|Win32
		{9ABEC5F2-F6C6-41DE-88AB-02460A07F46E}.Release|x86.Build.0 = Release|Win32
		{9ABEC5F2-F6C6-41DE-88AB-02460A07F46E}.ReleaseOMP|x64.ActiveCfg = Release|x64
		{9ABEC5F2-F6C6-41DE-88AB-02460A07F46E}.ReleaseOMP|x64.Build.0 = Release|x64
		{9ABEC5F2-F6C6-41DE-88AB-02460A07F46E}.ReleaseOMP|x86.ActiveCfg = Release|Win32
		{9ABEC5F2-F6C6-41DE-88AB-02460A07F46E}.ReleaseOMP|x86.Build.0 = Release|Win32
		{D701EA0E-B8B0-41D6-A90E-A0D8233F15FB}.console_debug|x64.ActiveCfg = Debug|x64
		{D701EA0E-B8B0-41D6-A90E-A0D8233F15FB}.console_debug|x64.Build.0 = Debug|x64
		{D701EA0E-B8B0-41D6-A90E-A0D8233F15FB}.console_debug|x86.ActiveCfg = Debug|Win32
		{D701EA0E-B8B0-41D6-A90E-A0D8233F15FB}.console_debug|x86.Build.0 = Debug|Win32
		{D701EA0E-B8B0-41D6-A90E-A0D8233F15FB}.console_release_omp|x64.ActiveCfg = Release|x64
		{D701EA0E-B8B0-41D6-A90E-A0D8233F15FB}.console_release_omp|x64.Build.0 = Release|x64
		{D701EA0E-B8B0-41D6-A90E-A0D8233F15FB}.console_release_omp|x86.ActiveCfg = Release|Win32
		{D701EA0E-B8B0-41D6-A90E-A0D8233F15FB}.console_release_omp|x86.Build.0 = Release|Win32
		{D701EA0E-B8B0-41D6-A90E-A0D8233F15FB}.console_release|x64.ActiveCfg = Release|x64
		{D701EA0E-B8B0-41D6-A90E-A0D8233F15FB}.console_release|x64.Build.0 = Release|x64
		{D701EA0E-B8B0-41D6-A90E-A0D8233F15FB}.console_release|x86.ActiveCfg = Release|Win32
		{D701EA0E-B8B0-41D6-A90E-A0D8233F15FB}.console_release|x86.Build.0 = Release|Win32
		{D701EA0E-B8B0-41D6-A90E-A0D8233F15FB}.Debug|x64.ActiveCfg = Debug|x64
		{D701EA0E-B8B0-41D6-A90E-A0D8233F15FB}.Debug|x64.Build.0 = Debug|x64
		{D701EA0E-B8B0-41D6-A90E-A0D8233F15FB}.Debug|x86.ActiveCfg = Debug|Win32
		{D701EA0E-B8B0-41D6-A90E-A0D8233F15FB}.Debug|x86.Build.0 = Debug|Win32
		{D701EA0E-B8B0-41D6-A90E-A0D8233F15FB}.Release|x64.ActiveCfg = Release|x64
		{D701EA0E-B8B0-41D6-A90E-A0D8233F15FB}.Release|x64.Build.0 = Release|x64
		{D701EA0E-B8B0-41D6-A90E-A0D8233F15FB}.Release|x86.ActiveCfg = Release|Win32
		{D701EA0E-B8B0-41D6-A90E-A0D8233F15FB}.Release|x86.Build.0 = Release|Win32
		{D701EA0E-B8B0-41D6-A90E-A0D8233F15FB}.ReleaseOMP|x64.ActiveCfg = Release|x64
		{D701EA0E-B8B0-41D6-A90E-A0D8233F15FB}.ReleaseOMP|x64.Build.0 = Release|x64
		{D701EA0E-B8B0-41D6-A90E-A0D8233F15FB}.ReleaseOMP|x86.ActiveCfg = Release|Win32
		{D701EA0E-B8B0-41D6-A90E-A0D8233F15FB}.ReleaseOMP|x86.Build.0 = Release|Win32
		{4BB60215-9A09-4192-9DB6-1A0CA823AFCA}.console_debug|x64.ActiveCfg = Debug|x64
		{4BB60215-9A09-4192-9DB6-1A0CA823AFCA}.console_debug|x64.Build.0 = Debug|x64
		{4BB60215-9A09-4192-9DB6-1A0CA823AFCA}.console_debug|x86.ActiveCfg = Debug|Win32
		{4BB60215-9A09-4192-9DB6-1A0CA823AFCA}.console_debug|x86.Build.0 = Debug|Win32
		{4BB60215-9A09-4192-9DB6-1A0CA823AFCA}.console_release_omp|x64.ActiveCfg = Release|x64
		{4BB60215-9A09-4192-9DB6-1A0CA823AFCA}.console_release_omp|x64.Build.0 = Release|x64
		{4BB60215-9A09-4192-9DB6-1A0CA823AFCA}.console_release_omp|x86.ActiveCfg = Release|Win32
		{4BB60215-9A09-4192-9DB6-1A0CA823AFCA}.console_release_omp|x86.Build.0 = Release|Win32
		{4BB60215-9A09-4192-9DB6-1A0CA823AFCA}.console_release|x64.ActiveCfg = Release|x64
		{4BB60215-9A09-4192-9DB6-1A0CA823AFCA}.console_release|x64.Build.0 = Release|x64
		{4BB60215-9A09-4192-9DB6-1A0CA823AFCA}.console_release|x86.ActiveCfg = Release|Win32
		{4BB60215-9A09-4192-9DB6-1A0CA823AFCA}.console_release|x86.Build.0 = Release|Win32
		{4BB60215-9A09-4192-9DB6-1A0CA823AFCA}.Debug|x64.ActiveCfg = Debug|x64
		{4BB60215-9A09-4192-9DB6-1A0CA823AFCA}.Debug|x64.Build.0 = Debug|x64
		{4BB60215-9A09-4192-9DB6-1A0CA823AFCA}.Debug|x86.ActiveCfg = Debug|Win32
		{4BB60215-9A09-4192-9DB6-1A0CA823AFCA}.Debug|x86.Build.0 = Debug|Win32
		{4BB60215-9A09-4192-9DB6-1A0CA823AFCA}.Release|x64.ActiveCfg = Release|x64
		{4BB60215-9A09-4192-9DB6-1A0CA823AFCA}.Release|x64.Build.0 = Release|x64
		{4BB60215-9A09-4192-9DB6-1A0CA823AFCA}.Release|x86.ActiveCfg = Release|Win32
		{4BB60215-9A09-4192-9DB6-1A0CA823AFCA}.Release|x86.Build.0 = Release|Win32
		{4BB60215-9A09-4192-9DB6-1A0CA823AFCA}.ReleaseOMP|x64.ActiveCfg = Release|x64
		{4BB60215-9A09-4192-9DB6-1A0CA823AFCA}.ReleaseOMP|x64.Build.0 = Release|x64
		{4BB60215-9A09-4192-9DB6-1A0CA823AFCA}.ReleaseOMP|x86.ActiveCfg = Release|Win32
		{4BB60215-9A09-4192-9DB6-1A0CA823AFCA}.ReleaseOMP|x86.Build.0 = Release|Win32
		{13500662-AF0B-4AB6-9AF9-BC3E07B5C1C6}.console_debug|x64.ActiveCfg = Debug|x64
		{13500662-AF0B-4AB6-9AF9-BC3E07B5C1C6}.console_debug|x64.Build.0 = Debug|x64
		{13500662-AF0B-4AB6-9AF9-BC3E07B5C1C6}.console_debug|x86.ActiveCfg = Debug|Win32
		{13500662-AF0B-4AB6-9AF9-BC3E07B5C1C6}.console_debug|x86.Build.0 = Debug|Win32
		{13500662-AF0B-4AB6-9AF9-BC3E07B5C1C6}.console_release_omp|x64.ActiveCfg = Release|x64
		{13500662-AF0B-4AB6-9AF9-BC3E07B5C1C6}.console_release_omp|x64.Build.0 = Release|x64
		{13500662-AF0B-4AB6-9AF9-BC3E07B5C1C6}.console_release_omp|x86.ActiveCfg = Release|Win32
		{13500662-AF0B-4AB6-9AF9-BC3E07B5C1C6}.console_release_omp|x86.Build.0 = Release|Win32
		{13500662-AF0B-4AB6-9AF9-BC3E07B5C1C6}.console_release|x64.ActiveCfg = Release|x64
		{13500662-AF0B-4AB6-9AF9-BC3E07B5C1C6}.console_release|x64.Build.0 = Release|x64
		{13500662-AF0B-4AB6-9AF9-BC3E07B5C1C6}.console_release|x86.ActiveCfg = Release|Win32
		{13500662-AF0B-4AB6-9AF9-BC3E07B5C1C6}.console_release|x86.Build.0 = Release|Win32
		{13500662-AF0B-4AB6-9AF9-BC3E07B5C1C6}.Debug|x64.ActiveCfg = Debug|x64
		{13500662-AF0B-4AB6-9AF9-BC3E07B5C1C6}.Debug|x64.Build.0 = Debug|x64
		{13500662-AF0B-4AB6-9AF9-BC3E07B5C1C6}.Debug|x86.ActiveCfg = Debug|Win32
		{13500662-AF0B-4AB6-9AF9-BC3E07B5C1C6}.Debug|x86.Build.0 = Debug|Win32
		{13500662-AF0B-4AB6-9AF9-BC3E07B5C1C6}.Release|x64.ActiveCfg = Release|x64
		{13500662-AF0B-4AB6-9AF9-BC3E07B5C1C6}.Release|x64.Build.0 = Release|x64
		{13500662-AF0B-4AB6-9AF9-BC3E07B5C1C6}.Release|x86.ActiveCfg = Release|Win32
		{13500662-AF0B-4AB6-9AF9-BC3E07B5C1C6}.Release|x86.Build.0 = Release|Win32
		{13500662-AF0B-4AB6-9AF9-BC3E07B5C1C6}.ReleaseOMP|x64.ActiveCfg = Release|x64
		{13500662-AF0B-4AB6-9AF9-BC3E07B5C1C6}.ReleaseOMP|x64.Build.0 = Release|x64
		{13500662-AF0B-4AB6-9AF9-BC3E07B5C1C6}.ReleaseOMP|x86.ActiveCfg = Release|Win32
		{13500662-AF0B-4AB6-9AF9-BC3E07B5C1C6}.ReleaseOMP|x86.Build.0 = Release|Win32
		{B8DD41C5-70C6-4183-9018-C4B518E8D36A}.console_debug|x64.ActiveCfg = Release|x64
		{B8DD41C5-70C6-4183-9018-C4B518E8D36A}.console_debug|x64.Build.0 = Release|x64
		{B8DD41C5-70C6-4183-9018-C4B518E8D36A}.console_debug|x86.ActiveCfg = Release|Win32
		{B8DD41C5-70C6-4183-9018-C4B518E8D36A}.console_debug|x86.Build.0 = Release|Win32
		{B8DD41C5-70C6-4183-9018-C4B518E8D36A}.console_release_omp|x64.ActiveCfg = Release|x64
		{B8DD41C5-70C6-4183-9018-C4B518E8D36A}.console_release_omp|x64.Build.0 = Release|x64
		{B8DD41C5-70C6-4183-9018-C4B518E8D36A}.console_release_omp|x86.ActiveCfg = Release|Win32
		{B8DD41C5-70C6-4183-9018-C4B518E8D36A}.console_release_omp|x86.Build.0 = Release|Win32
		{B8DD41C5-70C6-4183-9018-C4B518E8D36A}.console_release|x64.ActiveCfg = Release|x64
		{B8DD41C5-70C6-4183-9018-C4B518E8D36A}.console_release|x64.Build.0 = Release|x64
		{B8DD41C5-70C6-4183-9018-C4B518E8D36A}.console_release|x86.ActiveCfg = Release|Win32
		{B8DD41C5-70C6-4183-9018-C4B518E8D36A}.console_release|x86.Build.0 = Release|Win32
		{B8DD41C5-70C6-4183-9018-C4B518E8D36A}.Debug|x64.ActiveCfg = Debug|x64
		{B8DD41C5-70C6-4183-9018-C4B518E8D36A}.Debug|x64.Build.0 = Debug|x64
		{B8DD41C5-70C6-4183-9018-C4B518E8D36A}.Debug|x86.ActiveCfg = Debug|Win32
		{B8DD41C5-70C6-4183-9018-C4B518E8D36A}.Debug|x86.Build.0 = Debug|Win32
		{B8DD41C5-70C6-4183-9018-C4B518E8D36A}.Release|x64.ActiveCfg = Release|x64
		{B8DD41C5-70C6-4183-9018-C4B518E8D36A}.Release|x64.Build.0 = Release|x64
		{B8DD41C5-70C6-4183-9018-C4B518E8D36A}.Release|x86.ActiveCfg = Release|Win32
		{B8DD41C5-70C6-4183-9018-C4B518E8D36A}.Release|x86.Build.0 = Release|Win32
		{B8DD41C5-70C6-4183-9018-C4B518E8D36A}.ReleaseOMP|x64.ActiveCfg = Release|x64
		{B8DD41C5-70C6-4183-9018-C4B518E8D36A}.ReleaseOMP|x64.Build.0 = Release|x64
		{B8DD41C5-70C6-4183-9018-C4B518E8D36A}.ReleaseOMP|x86.ActiveCfg = Release|Win32
		{B8DD41C5-70C6-4183-9018-C4B518E8D36A}.ReleaseOMP|x86.Build.0 = Release|Win32
	EndGlobalSection
	GlobalSection(SolutionProperties) = preSolution
		HideSolutionNode = FALSE
	EndGlobalSection
EndGlobal
